
Microsoft Visual Studio Solution File, Format Version 12.00
# Visual Studio Version 17
VisualStudioVersion = 17.4.33205.214
MinimumVisualStudioVersion = 10.0.40219.1
Project("{FAE04EC0-301F-11D3-BF4B-00C04F79EFBC}") = "EfCore.CodeFirst", "EfCore.CodeFirst.csproj", "{8189D2A1-65A0-45EB-B7EE-AED72B313BDF}"
EndProject
Global
	GlobalSection(SolutionConfigurationPlatforms) = preSolution
		Debug|Any CPU = Debug|Any CPU
		Release|Any CPU = Release|Any CPU
	EndGlobalSection
	GlobalSection(ProjectConfigurationPlatforms) = postSolution
		{8189D2A1-65A0-45EB-B7EE-AED72B313BDF}.Debug|Any CPU.ActiveCfg = Debug|Any CPU
		{8189D2A1-65A0-45EB-B7EE-AED72B313BDF}.Debug|Any CPU.Build.0 = Debug|Any CPU
		{8189D2A1-65A0-45EB-B7EE-AED72B313BDF}.Release|Any CPU.ActiveCfg = Release|Any CPU
		{8189D2A1-65A0-45EB-B7EE-AED72B313BDF}.Release|Any CPU.Build.0 = Release|Any CPU
	EndGlobalSection
	GlobalSection(SolutionProperties) = preSolution
		HideSolutionNode = FALSE
	EndGlobalSection
	GlobalSection(ExtensibilityGlobals) = postSolution
		SolutionGuid = {4E19737F-5A19-490B-887F-BF7B07DCA9CA}
	EndGlobalSection
EndGlobal
